<Solution>
  <Project Path="src/ScreenToImageConverter.Shared/ScreenToImageConverter.Shared.csproj" />
  <Project Path="src/ScreenToImageConverter.Core/ScreenToImageConverter.Core.csproj" />
  <Project Path="src/ScreenToImageConverter.Infrastructure/ScreenToImageConverter.Infrastructure.csproj" />
  <Project Path="src/ScreenToImageConverter.Worker/ScreenToImageConverter.Worker.csproj" />
  <Project Path="tests/ScreenToImageConverter.Tests/ScreenToImageConverter.Tests.csproj" />
</Solution>
